# This file is autogenerated, do not edit; changes may be undone by the next 'dep ensure'.


[[projects]]
  branch = "master"
  digest = "1:6491080aa184f88c2bb8e2f6056e5e0e9a578b2d8666efbd6e97bc37a0c41e72"
  name = "github.com/nightlyone/lockfile"
  packages = ["."]
  pruneopts = "UT"
  revision = "0ad87eef1443f64d3d8c50da647e2b1552851124"

[[projects]]
  digest = "1:bd47d12b119e2b627c5c0c30b13df7c26f388e7ef7453330b6cb80d30aee8414"
  name = "github.com/vmware/go-vcloud-director"
  packages = [
    "govcd",
    "types/v56",
    "util",
  ]
  pruneopts = "UT"
  revision = "be956699918497cfde7af773ccc14e5cec0bf268"
  source = "github.com/ty2/go-vcloud-director"

[[projects]]
  digest = "1:342378ac4dcb378a5448dd723f0784ae519383532f5e70ade24132c4c8693202"
  name = "gopkg.in/yaml.v2"
  packages = ["."]
  pruneopts = "UT"
  revision = "5420a8b6744d3b0345ab293f6fcba19c978f1183"
  version = "v2.2.1"

[solve-meta]
  analyzer-name = "dep"
  analyzer-version = 1
  input-imports = [
    "github.com/nightlyone/lockfile",
    "github.com/vmware/go-vcloud-director/govcd",
    "github.com/vmware/go-vcloud-director/types/v56",
    "gopkg.in/yaml.v2",
  ]
  solver-name = "gps-cdcl"
  solver-version = 1
